
Microsoft Visual Studio Solution File, Format Version 12.00
# Visual Studio 14
VisualStudioVersion = 14.0.25420.1
MinimumVisualStudioVersion = 10.0.40219.1
Project("{FAE04EC0-301F-11D3-BF4B-00C04F79EFBC}") = "Automato", "Automato.csproj", "{07EB9B71-4D7D-431E-AA46-0455E8822D19}"
EndProject
Project("{2150E333-8FDC-42A3-9474-1A3956D46DE8}") = "2-Domain", "2-Domain", "{B5946C3E-A8CD-4C4E-BD61-78BDC26B82EE}"
EndProject
Project("{2150E333-8FDC-42A3-9474-1A3956D46DE8}") = "3-Infra", "3-Infra", "{23D72DB4-2FB1-4AE1-9401-0FBC6277DC45}"
EndProject
Project("{2150E333-8FDC-42A3-9474-1A3956D46DE8}") = "0-Presentation", "0-Presentation", "{06F5267F-CCE4-4CAE-B5CB-AFCCEF33523F}"
EndProject
Project("{2150E333-8FDC-42A3-9474-1A3956D46DE8}") = "1-Application", "1-Application", "{5B2881AA-5FE6-4E0A-9C13-0B790FB11DFF}"
EndProject
Project("{FAE04EC0-301F-11D3-BF4B-00C04F79EFBC}") = "Automato.Domain", "Automato.Domain\Automato.Domain.csproj", "{FF352268-C89D-4ABF-9BF2-B7230A58970E}"
EndProject
Project("{2150E333-8FDC-42A3-9474-1A3956D46DE8}") = "Data", "Data", "{EB979894-213D-4BAD-B1E0-AD6650438AA6}"
EndProject
Project("{FAE04EC0-301F-11D3-BF4B-00C04F79EFBC}") = "Automato.Infra.Data", "Automato.Infra.Data\Automato.Infra.Data.csproj", "{F5CC4B54-B5B2-4A04-985A-9D60883B490F}"
EndProject
Global
	GlobalSection(SolutionConfigurationPlatforms) = preSolution
		Debug|Any CPU = Debug|Any CPU
		Release|Any CPU = Release|Any CPU
	EndGlobalSection
	GlobalSection(ProjectConfigurationPlatforms) = postSolution
		{07EB9B71-4D7D-431E-AA46-0455E8822D19}.Debug|Any CPU.ActiveCfg = Debug|Any CPU
		{07EB9B71-4D7D-431E-AA46-0455E8822D19}.Debug|Any CPU.Build.0 = Debug|Any CPU
		{07EB9B71-4D7D-431E-AA46-0455E8822D19}.Release|Any CPU.ActiveCfg = Release|Any CPU
		{07EB9B71-4D7D-431E-AA46-0455E8822D19}.Release|Any CPU.Build.0 = Release|Any CPU
		{FF352268-C89D-4ABF-9BF2-B7230A58970E}.Debug|Any CPU.ActiveCfg = Debug|Any CPU
		{FF352268-C89D-4ABF-9BF2-B7230A58970E}.Debug|Any CPU.Build.0 = Debug|Any CPU
		{FF352268-C89D-4ABF-9BF2-B7230A58970E}.Release|Any CPU.ActiveCfg = Release|Any CPU
		{FF352268-C89D-4ABF-9BF2-B7230A58970E}.Release|Any CPU.Build.0 = Release|Any CPU
		{F5CC4B54-B5B2-4A04-985A-9D60883B490F}.Debug|Any CPU.ActiveCfg = Debug|Any CPU
		{F5CC4B54-B5B2-4A04-985A-9D60883B490F}.Debug|Any CPU.Build.0 = Debug|Any CPU
		{F5CC4B54-B5B2-4A04-985A-9D60883B490F}.Release|Any CPU.ActiveCfg = Release|Any CPU
		{F5CC4B54-B5B2-4A04-985A-9D60883B490F}.Release|Any CPU.Build.0 = Release|Any CPU
	EndGlobalSection
	GlobalSection(SolutionProperties) = preSolution
		HideSolutionNode = FALSE
	EndGlobalSection
	GlobalSection(NestedProjects) = preSolution
		{FF352268-C89D-4ABF-9BF2-B7230A58970E} = {B5946C3E-A8CD-4C4E-BD61-78BDC26B82EE}
		{EB979894-213D-4BAD-B1E0-AD6650438AA6} = {23D72DB4-2FB1-4AE1-9401-0FBC6277DC45}
		{F5CC4B54-B5B2-4A04-985A-9D60883B490F} = {EB979894-213D-4BAD-B1E0-AD6650438AA6}
	EndGlobalSection
EndGlobal
